// !$*UTF8*$!
{
	archiveVersion = 1;
	classes = {
	};
	objectVersion = 50;
	objects = {

/* Begin PBXBuildFile section */
		447AC92C22E9C95800868B4A /* AppDelegate.swift in Sources */ = {isa = PBXBuildFile; fileRef = 447AC92B22E9C95800868B4A /* AppDelegate.swift */; };
		447AC92E22E9C95800868B4A /* ViewController.swift in Sources */ = {isa = PBXBuildFile; fileRef = 447AC92D22E9C95800868B4A /* ViewController.swift */; };
		447AC93122E9C95800868B4A /* Main.storyboard in Resources */ = {isa = PBXBuildFile; fileRef = 447AC92F22E9C95800868B4A /* Main.storyboard */; };
		447AC93422E9C95800868B4A /* AppetiserSearchItunes.xcdatamodeld in Sources */ = {isa = PBXBuildFile; fileRef = 447AC93222E9C95800868B4A /* AppetiserSearchItunes.xcdatamodeld */; };
		447AC93622E9C95900868B4A /* Assets.xcassets in Resources */ = {isa = PBXBuildFile; fileRef = 447AC93522E9C95900868B4A /* Assets.xcassets */; };
		447AC93922E9C95900868B4A /* LaunchScreen.storyboard in Resources */ = {isa = PBXBuildFile; fileRef = 447AC93722E9C95900868B4A /* LaunchScreen.storyboard */; };
/* End PBXBuildFile section */

/* Begin PBXFileReference section */
		447AC92822E9C95800868B4A /* AppetiserSearchItunes.app */ = {isa = PBXFileReference; explicitFileType = wrapper.application; includeInIndex = 0; path = AppetiserSearchItunes.app; sourceTree = BUILT_PRODUCTS_DIR; };
		447AC92B22E9C95800868B4A /* AppDelegate.swift */ = {isa = PBXFileReference; lastKnownFileType = sourcecode.swift; path = AppDelegate.swift; sourceTree = "<group>"; };
		447AC92D22E9C95800868B4A /* ViewController.swift */ = {isa = PBXFileReference; lastKnownFileType = sourcecode.swift; path = ViewController.swift; sourceTree = "<group>"; };
		447AC93022E9C95800868B4A /* Base */ = {isa = PBXFileReference; lastKnownFileType = file.storyboard; name = Base; path = Base.lproj/Main.storyboard; sourceTree = "<group>"; };
		447AC93322E9C95800868B4A /* AppetiserSearchItunes.xcdatamodel */ = {isa = PBXFileReference; lastKnownFileType = wrapper.xcdatamodel; path = AppetiserSearchItunes.xcdatamodel; sourceTree = "<group>"; };
		447AC93522E9C95900868B4A /* Assets.xcassets */ = {isa = PBXFileReference; lastKnownFileType = folder.assetcatalog; path = Assets.xcassets; sourceTree = "<group>"; };
		447AC93822E9C95900868B4A /* Base */ = {isa = PBXFileReference; lastKnownFileType = file.storyboard; name = Base; path = Base.lproj/LaunchScreen.storyboard; sourceTree = "<group>"; };
		447AC93A22E9C95900868B4A /* Info.plist */ = {isa = PBXFileReference; lastKnownFileType = text.plist.xml; path = Info.plist; sourceTree = "<group>"; };
/* End PBXFileReference section */

/* Begin PBXFrameworksBuildPhase section */
		447AC92522E9C95800868B4A /* Frameworks */ = {
			isa = PBXFrameworksBuildPhase;
			buildActionMask = 2147483647;
			files = (
			);
			runOnlyForDeploymentPostprocessing = 0;
		};
/* End PBXFrameworksBuildPhase section */

/* Begin PBXGroup section */
		447AC91F22E9C95800868B4A = {
			isa = PBXGroup;
			children = (
				447AC92A22E9C95800868B4A /* AppetiserSearchItunes */,
				447AC92922E9C95800868B4A /* Products */,
			);
			sourceTree = "<group>";
		};
		447AC92922E9C95800868B4A /* Products */ = {
			isa = PBXGroup;
			children = (
				447AC92822E9C95800868B4A /* AppetiserSearchItunes.app */,
			);
			name = Products;
			sourceTree = "<group>";
		};
		447AC92A22E9C95800868B4A /* AppetiserSearchItunes */ = {
			isa = PBXGroup;
			children = (
				447AC92B22E9C95800868B4A /* AppDelegate.swift */,
				447AC92D22E9C95800868B4A /* ViewController.swift */,
				447AC92F22E9C95800868B4A /* Main.storyboard */,
				447AC93522E9C95900868B4A /* Assets.xcassets */,
				447AC93722E9C95900868B4A /* LaunchScreen.storyboard */,
				447AC93A22E9C95900868B4A /* Info.plist */,
				447AC93222E9C95800868B4A /* AppetiserSearchItunes.xcdatamodeld */,
			);
			path = AppetiserSearchItunes;
			sourceTree = "<group>";
		};
/* End PBXGroup section */

/* Begin PBXNativeTarget section */
		447AC92722E9C95800868B4A /* AppetiserSearchItunes */ = {
			isa = PBXNativeTarget;
			buildConfigurationList = 447AC93D22E9C95900868B4A /* Build configuration list for PBXNativeTarget "AppetiserSearchItunes" */;
			buildPhases = (
				447AC92422E9C95800868B4A /* Sources */,
				447AC92522E9C95800868B4A /* Frameworks */,
				447AC92622E9C95800868B4A /* Resources */,
			);
			buildRules = (
			);
			dependencies = (
			);
			name = AppetiserSearchItunes;
			productName = AppetiserSearchItunes;
			productReference = 447AC92822E9C95800868B4A /* AppetiserSearchItunes.app */;
			productType = "com.apple.product-type.application";
		};
/* End PBXNativeTarget section */

/* Begin PBXProject section */
		447AC92022E9C95800868B4A /* Project object */ = {
			isa = PBXProject;
			attributes = {
				LastSwiftUpdateCheck = 1020;
				LastUpgradeCheck = 1020;
				ORGANIZATIONNAME = "Abz Maxey";
				TargetAttributes = {
					447AC92722E9C95800868B4A = {
						CreatedOnToolsVersion = 10.2;
					};
				};
			};
			buildConfigurationList = 447AC92322E9C95800868B4A /* Build configuration list for PBXProject "AppetiserSearchItunes" */;
			compatibilityVersion = "Xcode 9.3";
			developmentRegion = en;
			hasScannedForEncodings = 0;
			knownRegions = (
				en,
				Base,
			);
			mainGroup = 447AC91F22E9C95800868B4A;
			productRefGroup = 447AC92922E9C95800868B4A /* Products */;
			projectDirPath = "";
			projectRoot = "";
			targets = (
				447AC92722E9C95800868B4A /* AppetiserSearchItunes */,
			);
		};
/* End PBXProject section */

/* Begin PBXResourcesBuildPhase section */
		447AC92622E9C95800868B4A /* Resources */ = {
			isa = PBXResourcesBuildPhase;
			buildActionMask = 2147483647;
			files = (
				447AC93922E9C95900868B4A /* LaunchScreen.storyboard in Resources */,
				447AC93622E9C95900868B4A /* Assets.xcassets in Resources */,
				447AC93122E9C95800868B4A /* Main.storyboard in Resources */,
			);
			runOnlyForDeploymentPostprocessing = 0;
		};
/* End PBXResourcesBuildPhase section */

/* Begin PBXSourcesBuildPhase section */
		447AC92422E9C95800868B4A /* Sources */ = {
			isa = PBXSourcesBuildPhase;
			buildActionMask = 2147483647;
			files = (
				447AC92E22E9C95800868B4A /* ViewController.swift in Sources */,
				447AC93422E9C95800868B4A /* AppetiserSearchItunes.xcdatamodeld in Sources */,
				447AC92C22E9C95800868B4A /* AppDelegate.swift in Sources */,
			);
			runOnlyForDeploymentPostprocessing = 0;
		};
/* End PBXSourcesBuildPhase section */

/* Begin PBXVariantGroup section */
		447AC92F22E9C95800868B4A /* Main.storyboard */ = {
			isa = PBXVariantGroup;
			children = (
				447AC93022E9C95800868B4A /* Base */,
			);
			name = Main.storyboard;
			sourceTree = "<group>";
		};
		447AC93722E9C95900868B4A /* LaunchScreen.storyboard */ = {
			isa = PBXVariantGroup;
			children = (
				447AC93822E9C95900868B4A /* Base */,
			);
			name = LaunchScreen.storyboard;
			sourceTree = "<group>";
		};
/* End PBXVariantGroup section */

/* Begin XCBuildConfiguration section */
		447AC93B22E9C95900868B4A /* Debug */ = {
			isa = XCBuildConfiguration;
			buildSettings = {
				ALWAYS_SEARCH_USER_PATHS = NO;
				CLANG_ANALYZER_NONNULL = YES;
				CLANG_ANALYZER_NUMBER_OBJECT_CONVERSION = YES_AGGRESSIVE;
				CLANG_CXX_LANGUAGE_STANDARD = "gnu++14";
				CLANG_CXX_LIBRARY = "libc++";
				CLANG_ENABLE_MODULES = YES;
				CLANG_ENABLE_OBJC_ARC = YES;
				CLANG_ENABLE_OBJC_WEAK = YES;
				CLANG_WARN_BLOCK_CAPTURE_AUTORELEASING = YES;
				CLANG_WARN_BOOL_CONVERSION = YES;
				CLANG_WARN_COMMA = YES;
				CLANG_WARN_CONSTANT_CONVERSION = YES;
				CLANG_WARN_DEPRECATED_OBJC_IMPLEMENTATIONS = YES;
				CLANG_WARN_DIRECT_OBJC_ISA_USAGE = YES_ERROR;
				CLANG_WARN_DOCUMENTATION_COMMENTS = YES;
				CLANG_WARN_EMPTY_BODY = YES;
				CLANG_WARN_ENUM_CONVERSION = YES;
				CLANG_WARN_INFINITE_RECURSION = YES;
				CLANG_WARN_INT_CONVERSION = YES;
				CLANG_WARN_NON_LITERAL_NULL_CONVERSION = YES;
				CLANG_WARN_OBJC_IMPLICIT_RETAIN_SELF = YES;
				CLANG_WARN_OBJC_LITERAL_CONVERSION = YES;
				CLANG_WARN_OBJC_ROOT_CLASS = YES_ERROR;
				CLANG_WARN_RANGE_LOOP_ANALYSIS = YES;
				CLANG_WARN_STRICT_PROTOTYPES = YES;
				CLANG_WARN_SUSPICIOUS_MOVE = YES;
				CLANG_WARN_UNGUARDED_AVAILABILITY = YES_AGGRESSIVE;
				CLANG_WARN_UNREACHABLE_CODE = YES;
				CLANG_WARN__DUPLICATE_METHOD_MATCH = YES;
				CODE_SIGN_IDENTITY = "iPhone Developer";
				COPY_PHASE_STRIP = NO;
				DEBUG_INFORMATION_FORMAT = dwarf;
				ENABLE_STRICT_OBJC_MSGSEND = YES;
				ENABLE_TESTABILITY = YES;
				GCC_C_LANGUAGE_STANDARD = gnu11;
				GCC_DYNAMIC_NO_PIC = NO;
				GCC_NO_COMMON_BLOCKS = YES;
				GCC_OPTIMIZATION_LEVEL = 0;
				GCC_PREPROCESSOR_DEFINITIONS = (
					"DEBUG=1",
					"$(inherited)",
				);
				GCC_WARN_64_TO_32_BIT_CONVERSION = YES;
				GCC_WARN_ABOUT_RETURN_TYPE = YES_ERROR;
				GCC_WARN_UNDECLARED_SELECTOR = YES;
				GCC_WARN_UNINITIALIZED_AUTOS = YES_AGGRESSIVE;
				GCC_WARN_UNUSED_FUNCTION = YES;
				GCC_WARN_UNUSED_VARIABLE = YES;
				IPHONEOS_DEPLOYMENT_TARGET = 12.2;
				MTL_ENABLE_DEBUG_INFO = INCLUDE_SOURCE;
				MTL_FAST_MATH = YES;
				ONLY_ACTIVE_ARCH = YES;
				SDKROOT = iphoneos;
				SWIFT_ACTIVE_COMPILATION_CONDITIONS = DEBUG;
				SWIFT_OPTIMIZATION_LEVEL = "-Onone";
			};
			name = Debug;
		};
		447AC93C22E9C95900868B4A /* Release */ = {
			isa = XCBuildConfiguration;
			buildSettings = {
				ALWAYS_SEARCH_USER_PATHS = NO;
				CLANG_ANALYZER_NONNULL = YES;
				CLANG_ANALYZER_NUMBER_OBJECT_CONVERSION = YES_AGGRESSIVE;
				CLANG_CXX_LANGUAGE_STANDARD = "gnu++14";
				CLANG_CXX_LIBRARY = "libc++";
				CLANG_ENABLE_MODULES = YES;
				CLANG_ENABLE_OBJC_ARC = YES;
				CLANG_ENABLE_OBJC_WEAK = YES;
				CLANG_WARN_BLOCK_CAPTURE_AUTORELEASING = YES;
				CLANG_WARN_BOOL_CONVERSION = YES;
				CLANG_WARN_COMMA = YES;
				CLANG_WARN_CONSTANT_CONVERSION = YES;
				CLANG_WARN_DEPRECATED_OBJC_IMPLEMENTATIONS = YES;
				CLANG_WARN_DIRECT_OBJC_ISA_USAGE = YES_ERROR;
				CLANG_WARN_DOCUMENTATION_COMMENTS = YES;
				CLANG_WARN_EMPTY_BODY = YES;
				CLANG_WARN_ENUM_CONVERSION = YES;
				CLANG_WARN_INFINITE_RECURSION = YES;
				CLANG_WARN_INT_CONVERSION = YES;
				CLANG_WARN_NON_LITERAL_NULL_CONVERSION = YES;
				CLANG_WARN_OBJC_IMPLICIT_RETAIN_SELF = YES;
				CLANG_WARN_OBJC_LITERAL_CONVERSION = YES;
				CLANG_WARN_OBJC_ROOT_CLASS = YES_ERROR;
				CLANG_WARN_RANGE_LOOP_ANALYSIS = YES;
				CLANG_WARN_STRICT_PROTOTYPES = YES;
				CLANG_WARN_SUSPICIOUS_MOVE = YES;
				CLANG_WARN_UNGUARDED_AVAILABILITY = YES_AGGRESSIVE;
				CLANG_WARN_UNREACHABLE_CODE = YES;
				CLANG_WARN__DUPLICATE_METHOD_MATCH = YES;
				CODE_SIGN_IDENTITY = "iPhone Developer";
				COPY_PHASE_STRIP = NO;
				DEBUG_INFORMATION_FORMAT = "dwarf-with-dsym";
				ENABLE_NS_ASSERTIONS = NO;
				ENABLE_STRICT_OBJC_MSGSEND = YES;
				GCC_C_LANGUAGE_STANDARD = gnu11;
				GCC_NO_COMMON_BLOCKS = YES;
				GCC_WARN_64_TO_32_BIT_CONVERSION = YES;
				GCC_WARN_ABOUT_RETURN_TYPE = YES_ERROR;
				GCC_WARN_UNDECLARED_SELECTOR = YES;
				GCC_WARN_UNINITIALIZED_AUTOS = YES_AGGRESSIVE;
				GCC_WARN_UNUSED_FUNCTION = YES;
				GCC_WARN_UNUSED_VARIABLE = YES;
				IPHONEOS_DEPLOYMENT_TARGET = 12.2;
				MTL_ENABLE_DEBUG_INFO = NO;
				MTL_FAST_MATH = YES;
				SDKROOT = iphoneos;
				SWIFT_COMPILATION_MODE = wholemodule;
				SWIFT_OPTIMIZATION_LEVEL = "-O";
				VALIDATE_PRODUCT = YES;
			};
			name = Release;
		};
		447AC93E22E9C95900868B4A /* Debug */ = {
			isa = XCBuildConfiguration;
			buildSettings = {
				ASSETCATALOG_COMPILER_APPICON_NAME = AppIcon;
				CODE_SIGN_STYLE = Automatic;
				DEVELOPMENT_TEAM = 37KZUPC3K2;
				INFOPLIST_FILE = AppetiserSearchItunes/Info.plist;
				LD_RUNPATH_SEARCH_PATHS = (
					"$(inherited)",
					"@executable_path/Frameworks",
				);
				PRODUCT_BUNDLE_IDENTIFIER = com.abz.AppetiserSearchItunes;
				PRODUCT_NAME = "$(TARGET_NAME)";
				SWIFT_VERSION = 5.0;
				TARGETED_DEVICE_FAMILY = "1,2";
			};
			name = Debug;
		};
		447AC93F22E9C95900868B4A /* Release */ = {
			isa = XCBuildConfiguration;
			buildSettings = {
				ASSETCATALOG_COMPILER_APPICON_NAME = AppIcon;
				CODE_SIGN_STYLE = Automatic;
				DEVELOPMENT_TEAM = 37KZUPC3K2;
				INFOPLIST_FILE = AppetiserSearchItunes/Info.plist;
				LD_RUNPATH_SEARCH_PATHS = (
					"$(inherited)",
					"@executable_path/Frameworks",
				);
				PRODUCT_BUNDLE_IDENTIFIER = com.abz.AppetiserSearchItunes;
				PRODUCT_NAME = "$(TARGET_NAME)";
				SWIFT_VERSION = 5.0;
				TARGETED_DEVICE_FAMILY = "1,2";
			};
			name = Release;
		};
/* End XCBuildConfiguration section */

/* Begin XCConfigurationList section */
		447AC92322E9C95800868B4A /* Build configuration list for PBXProject "AppetiserSearchItunes" */ = {
			isa = XCConfigurationList;
			buildConfigurations = (
				447AC93B22E9C95900868B4A /* Debug */,
				447AC93C22E9C95900868B4A /* Release */,
			);
			defaultConfigurationIsVisible = 0;
			defaultConfigurationName = Release;
		};
		447AC93D22E9C95900868B4A /* Build configuration list for PBXNativeTarget "AppetiserSearchItunes" */ = {
			isa = XCConfigurationList;
			buildConfigurations = (
				447AC93E22E9C95900868B4A /* Debug */,
				447AC93F22E9C95900868B4A /* Release */,
			);
			defaultConfigurationIsVisible = 0;
			defaultConfigurationName = Release;
		};
/* End XCConfigurationList section */

/* Begin XCVersionGroup section */
		447AC93222E9C95800868B4A /* AppetiserSearchItunes.xcdatamodeld */ = {
			isa = XCVersionGroup;
			children = (
				447AC93322E9C95800868B4A /* AppetiserSearchItunes.xcdatamodel */,
			);
			currentVersion = 447AC93322E9C95800868B4A /* AppetiserSearchItunes.xcdatamodel */;
			path = AppetiserSearchItunes.xcdatamodeld;
			sourceTree = "<group>";
			versionGroupType = wrapper.xcdatamodel;
		};
/* End XCVersionGroup section */
	};
	rootObject = 447AC92022E9C95800868B4A /* Project object */;
}
